
Microsoft Visual Studio Solution File, Format Version 12.00
# Visual Studio 2013
VisualStudioVersion = 12.0.30723.0
MinimumVisualStudioVersion = 10.0.40219.1
Project("{FAE04EC0-301F-11D3-BF4B-00C04F79EFBC}") = "GameOfLife", "GameOfLife\GameOfLife.csproj", "{069E2313-2B64-4A5D-A11B-E878FF3223E7}"
EndProject
Project("{F2A71F9B-5D33-465A-A702-920D77279786}") = "GameOfLifeF", "GameOfLifeF\GameOfLifeF.fsproj", "{B590A13C-3C5D-4B81-83DF-D475D812A747}"
EndProject
Global
	GlobalSection(SolutionConfigurationPlatforms) = preSolution
		Debug|Any CPU = Debug|Any CPU
		Release|Any CPU = Release|Any CPU
	EndGlobalSection
	GlobalSection(ProjectConfigurationPlatforms) = postSolution
		{069E2313-2B64-4A5D-A11B-E878FF3223E7}.Debug|Any CPU.ActiveCfg = Debug|Any CPU
		{069E2313-2B64-4A5D-A11B-E878FF3223E7}.Debug|Any CPU.Build.0 = Debug|Any CPU
		{069E2313-2B64-4A5D-A11B-E878FF3223E7}.Release|Any CPU.ActiveCfg = Release|Any CPU
		{069E2313-2B64-4A5D-A11B-E878FF3223E7}.Release|Any CPU.Build.0 = Release|Any CPU
		{B590A13C-3C5D-4B81-83DF-D475D812A747}.Debug|Any CPU.ActiveCfg = Debug|Any CPU
		{B590A13C-3C5D-4B81-83DF-D475D812A747}.Debug|Any CPU.Build.0 = Debug|Any CPU
		{B590A13C-3C5D-4B81-83DF-D475D812A747}.Release|Any CPU.ActiveCfg = Release|Any CPU
		{B590A13C-3C5D-4B81-83DF-D475D812A747}.Release|Any CPU.Build.0 = Release|Any CPU
	EndGlobalSection
	GlobalSection(SolutionProperties) = preSolution
		HideSolutionNode = FALSE
	EndGlobalSection
EndGlobal
